
Microsoft Visual Studio Solution File, Format Version 12.00
# Visual Studio 15
VisualStudioVersion = 15.0.28307.168
MinimumVisualStudioVersion = 10.0.40219.1
Project("{FAE04EC0-301F-11D3-BF4B-00C04F79EFBC}") = "sistem_stok_ayam", "sistem_stok_ayam\sistem_stok_ayam.csproj", "{C67EC64E-5C04-4EAC-B133-1C68C8C3503C}"
EndProject
Global
	GlobalSection(SolutionConfigurationPlatforms) = preSolution
		Debug|Any CPU = Debug|Any CPU
		Release|Any CPU = Release|Any CPU
	EndGlobalSection
	GlobalSection(ProjectConfigurationPlatforms) = postSolution
		{C67EC64E-5C04-4EAC-B133-1C68C8C3503C}.Debug|Any CPU.ActiveCfg = Debug|Any CPU
		{C67EC64E-5C04-4EAC-B133-1C68C8C3503C}.Debug|Any CPU.Build.0 = Debug|Any CPU
		{C67EC64E-5C04-4EAC-B133-1C68C8C3503C}.Release|Any CPU.ActiveCfg = Release|Any CPU
		{C67EC64E-5C04-4EAC-B133-1C68C8C3503C}.Release|Any CPU.Build.0 = Release|Any CPU
	EndGlobalSection
	GlobalSection(SolutionProperties) = preSolution
		HideSolutionNode = FALSE
	EndGlobalSection
	GlobalSection(ExtensibilityGlobals) = postSolution
		SolutionGuid = {0DE7642A-1262-4DB8-A47E-F9576CB5E70A}
	EndGlobalSection
EndGlobal
